// !$*UTF8*$!
{
	archiveVersion = 1;
	classes = {
	};
	objectVersion = 56;
	objects = {

/* Begin PBXBuildFile section */
		4939DA7A298D8AE600732DF9 /* LeetCodeApp.swift in Sources */ = {isa = PBXBuildFile; fileRef = 4939DA79298D8AE600732DF9 /* LeetCodeApp.swift */; };
		4939DA7C298D8AE600732DF9 /* ContentView.swift in Sources */ = {isa = PBXBuildFile; fileRef = 4939DA7B298D8AE600732DF9 /* ContentView.swift */; };
		4939DA7E298D8AEA00732DF9 /* Assets.xcassets in Resources */ = {isa = PBXBuildFile; fileRef = 4939DA7D298D8AEA00732DF9 /* Assets.xcassets */; };
		4939DA81298D8AEA00732DF9 /* Preview Assets.xcassets in Resources */ = {isa = PBXBuildFile; fileRef = 4939DA80298D8AEA00732DF9 /* Preview Assets.xcassets */; };
		4939DA8B298D8AEB00732DF9 /* LeetCodeTests.swift in Sources */ = {isa = PBXBuildFile; fileRef = 4939DA8A298D8AEB00732DF9 /* LeetCodeTests.swift */; };
		4939DA95298D8AEC00732DF9 /* LeetCodeUITests.swift in Sources */ = {isa = PBXBuildFile; fileRef = 4939DA94298D8AEC00732DF9 /* LeetCodeUITests.swift */; };
		4939DA97298D8AEC00732DF9 /* LeetCodeUITestsLaunchTests.swift in Sources */ = {isa = PBXBuildFile; fileRef = 4939DA96298D8AEC00732DF9 /* LeetCodeUITestsLaunchTests.swift */; };
		4939DAA4298D8B4200732DF9 /* ValidParentheses.swift in Sources */ = {isa = PBXBuildFile; fileRef = 4939DAA3298D8B4200732DF9 /* ValidParentheses.swift */; };
		4939DAA8298D97B600732DF9 /* SearchInsertPosition.swift in Sources */ = {isa = PBXBuildFile; fileRef = 4939DAA7298D97B600732DF9 /* SearchInsertPosition.swift */; };
		4939DAAA298D999C00732DF9 /* Remove Duplicates from SortedArrayII.swift in Sources */ = {isa = PBXBuildFile; fileRef = 4939DAA9298D999C00732DF9 /* Remove Duplicates from SortedArrayII.swift */; };
		4939DAAC2990FA4600732DF9 /* 9. Palindrome Number.swift in Sources */ = {isa = PBXBuildFile; fileRef = 4939DAAB2990FA4600732DF9 /* 9. Palindrome Number.swift */; };
		49DF6A99299A3C500047AFA4 /* LetterCombination.swift in Sources */ = {isa = PBXBuildFile; fileRef = 49DF6A98299A3C500047AFA4 /* LetterCombination.swift */; };
/* End PBXBuildFile section */

/* Begin PBXContainerItemProxy section */
		4939DA87298D8AEB00732DF9 /* PBXContainerItemProxy */ = {
			isa = PBXContainerItemProxy;
			containerPortal = 4939DA6E298D8AE600732DF9 /* Project object */;
			proxyType = 1;
			remoteGlobalIDString = 4939DA75298D8AE600732DF9;
			remoteInfo = LeetCode;
		};
		4939DA91298D8AEC00732DF9 /* PBXContainerItemProxy */ = {
			isa = PBXContainerItemProxy;
			containerPortal = 4939DA6E298D8AE600732DF9 /* Project object */;
			proxyType = 1;
			remoteGlobalIDString = 4939DA75298D8AE600732DF9;
			remoteInfo = LeetCode;
		};
/* End PBXContainerItemProxy section */

/* Begin PBXFileReference section */
		4939DA76298D8AE600732DF9 /* LeetCode.app */ = {isa = PBXFileReference; explicitFileType = wrapper.application; includeInIndex = 0; path = LeetCode.app; sourceTree = BUILT_PRODUCTS_DIR; };
		4939DA79298D8AE600732DF9 /* LeetCodeApp.swift */ = {isa = PBXFileReference; lastKnownFileType = sourcecode.swift; path = LeetCodeApp.swift; sourceTree = "<group>"; };
		4939DA7B298D8AE600732DF9 /* ContentView.swift */ = {isa = PBXFileReference; lastKnownFileType = sourcecode.swift; path = ContentView.swift; sourceTree = "<group>"; };
		4939DA7D298D8AEA00732DF9 /* Assets.xcassets */ = {isa = PBXFileReference; lastKnownFileType = folder.assetcatalog; path = Assets.xcassets; sourceTree = "<group>"; };
		4939DA80298D8AEA00732DF9 /* Preview Assets.xcassets */ = {isa = PBXFileReference; lastKnownFileType = folder.assetcatalog; path = "Preview Assets.xcassets"; sourceTree = "<group>"; };
		4939DA86298D8AEB00732DF9 /* LeetCodeTests.xctest */ = {isa = PBXFileReference; explicitFileType = wrapper.cfbundle; includeInIndex = 0; path = LeetCodeTests.xctest; sourceTree = BUILT_PRODUCTS_DIR; };
		4939DA8A298D8AEB00732DF9 /* LeetCodeTests.swift */ = {isa = PBXFileReference; lastKnownFileType = sourcecode.swift; path = LeetCodeTests.swift; sourceTree = "<group>"; };
		4939DA90298D8AEC00732DF9 /* LeetCodeUITests.xctest */ = {isa = PBXFileReference; explicitFileType = wrapper.cfbundle; includeInIndex = 0; path = LeetCodeUITests.xctest; sourceTree = BUILT_PRODUCTS_DIR; };
		4939DA94298D8AEC00732DF9 /* LeetCodeUITests.swift */ = {isa = PBXFileReference; lastKnownFileType = sourcecode.swift; path = LeetCodeUITests.swift; sourceTree = "<group>"; };
		4939DA96298D8AEC00732DF9 /* LeetCodeUITestsLaunchTests.swift */ = {isa = PBXFileReference; lastKnownFileType = sourcecode.swift; path = LeetCodeUITestsLaunchTests.swift; sourceTree = "<group>"; };
		4939DAA3298D8B4200732DF9 /* ValidParentheses.swift */ = {isa = PBXFileReference; lastKnownFileType = sourcecode.swift; path = ValidParentheses.swift; sourceTree = "<group>"; };
		4939DAA7298D97B600732DF9 /* SearchInsertPosition.swift */ = {isa = PBXFileReference; lastKnownFileType = sourcecode.swift; path = SearchInsertPosition.swift; sourceTree = "<group>"; };
		4939DAA9298D999C00732DF9 /* Remove Duplicates from SortedArrayII.swift */ = {isa = PBXFileReference; lastKnownFileType = sourcecode.swift; path = "Remove Duplicates from SortedArrayII.swift"; sourceTree = "<group>"; };
		4939DAAB2990FA4600732DF9 /* 9. Palindrome Number.swift */ = {isa = PBXFileReference; lastKnownFileType = sourcecode.swift; path = "9. Palindrome Number.swift"; sourceTree = "<group>"; };
		49DF6A98299A3C500047AFA4 /* LetterCombination.swift */ = {isa = PBXFileReference; lastKnownFileType = sourcecode.swift; path = LetterCombination.swift; sourceTree = "<group>"; };
/* End PBXFileReference section */

/* Begin PBXFrameworksBuildPhase section */
		4939DA73298D8AE600732DF9 /* Frameworks */ = {
			isa = PBXFrameworksBuildPhase;
			buildActionMask = 2147483647;
			files = (
			);
			runOnlyForDeploymentPostprocessing = 0;
		};
		4939DA83298D8AEB00732DF9 /* Frameworks */ = {
			isa = PBXFrameworksBuildPhase;
			buildActionMask = 2147483647;
			files = (
			);
			runOnlyForDeploymentPostprocessing = 0;
		};
		4939DA8D298D8AEC00732DF9 /* Frameworks */ = {
			isa = PBXFrameworksBuildPhase;
			buildActionMask = 2147483647;
			files = (
			);
			runOnlyForDeploymentPostprocessing = 0;
		};
/* End PBXFrameworksBuildPhase section */

/* Begin PBXGroup section */
		4939DA6D298D8AE600732DF9 = {
			isa = PBXGroup;
			children = (
				4939DA78298D8AE600732DF9 /* LeetCode */,
				4939DA89298D8AEB00732DF9 /* LeetCodeTests */,
				4939DA93298D8AEC00732DF9 /* LeetCodeUITests */,
				4939DA77298D8AE600732DF9 /* Products */,
			);
			sourceTree = "<group>";
		};
		4939DA77298D8AE600732DF9 /* Products */ = {
			isa = PBXGroup;
			children = (
				4939DA76298D8AE600732DF9 /* LeetCode.app */,
				4939DA86298D8AEB00732DF9 /* LeetCodeTests.xctest */,
				4939DA90298D8AEC00732DF9 /* LeetCodeUITests.xctest */,
			);
			name = Products;
			sourceTree = "<group>";
		};
		4939DA78298D8AE600732DF9 /* LeetCode */ = {
			isa = PBXGroup;
			children = (
				4939DAAB2990FA4600732DF9 /* 9. Palindrome Number.swift */,
				4939DAA7298D97B600732DF9 /* SearchInsertPosition.swift */,
				4939DA79298D8AE600732DF9 /* LeetCodeApp.swift */,
				4939DAA9298D999C00732DF9 /* Remove Duplicates from SortedArrayII.swift */,
				4939DAA3298D8B4200732DF9 /* ValidParentheses.swift */,
				4939DA7B298D8AE600732DF9 /* ContentView.swift */,
				4939DA7D298D8AEA00732DF9 /* Assets.xcassets */,
				4939DA7F298D8AEA00732DF9 /* Preview Content */,
				49DF6A98299A3C500047AFA4 /* LetterCombination.swift */,
			);
			path = LeetCode;
			sourceTree = "<group>";
		};
		4939DA7F298D8AEA00732DF9 /* Preview Content */ = {
			isa = PBXGroup;
			children = (
				4939DA80298D8AEA00732DF9 /* Preview Assets.xcassets */,
			);
			path = "Preview Content";
			sourceTree = "<group>";
		};
		4939DA89298D8AEB00732DF9 /* LeetCodeTests */ = {
			isa = PBXGroup;
			children = (
				4939DA8A298D8AEB00732DF9 /* LeetCodeTests.swift */,
			);
			path = LeetCodeTests;
			sourceTree = "<group>";
		};
		4939DA93298D8AEC00732DF9 /* LeetCodeUITests */ = {
			isa = PBXGroup;
			children = (
				4939DA94298D8AEC00732DF9 /* LeetCodeUITests.swift */,
				4939DA96298D8AEC00732DF9 /* LeetCodeUITestsLaunchTests.swift */,
			);
			path = LeetCodeUITests;
			sourceTree = "<group>";
		};
/* End PBXGroup section */

/* Begin PBXNativeTarget section */
		4939DA75298D8AE600732DF9 /* LeetCode */ = {
			isa = PBXNativeTarget;
			buildConfigurationList = 4939DA9A298D8AEC00732DF9 /* Build configuration list for PBXNativeTarget "LeetCode" */;
			buildPhases = (
				4939DA72298D8AE600732DF9 /* Sources */,
				4939DA73298D8AE600732DF9 /* Frameworks */,
				4939DA74298D8AE600732DF9 /* Resources */,
			);
			buildRules = (
			);
			dependencies = (
			);
			name = LeetCode;
			productName = LeetCode;
			productReference = 4939DA76298D8AE600732DF9 /* LeetCode.app */;
			productType = "com.apple.product-type.application";
		};
		4939DA85298D8AEB00732DF9 /* LeetCodeTests */ = {
			isa = PBXNativeTarget;
			buildConfigurationList = 4939DA9D298D8AEC00732DF9 /* Build configuration list for PBXNativeTarget "LeetCodeTests" */;
			buildPhases = (
				4939DA82298D8AEB00732DF9 /* Sources */,
				4939DA83298D8AEB00732DF9 /* Frameworks */,
				4939DA84298D8AEB00732DF9 /* Resources */,
			);
			buildRules = (
			);
			dependencies = (
				4939DA88298D8AEB00732DF9 /* PBXTargetDependency */,
			);
			name = LeetCodeTests;
			productName = LeetCodeTests;
			productReference = 4939DA86298D8AEB00732DF9 /* LeetCodeTests.xctest */;
			productType = "com.apple.product-type.bundle.unit-test";
		};
		4939DA8F298D8AEC00732DF9 /* LeetCodeUITests */ = {
			isa = PBXNativeTarget;
			buildConfigurationList = 4939DAA0298D8AEC00732DF9 /* Build configuration list for PBXNativeTarget "LeetCodeUITests" */;
			buildPhases = (
				4939DA8C298D8AEC00732DF9 /* Sources */,
				4939DA8D298D8AEC00732DF9 /* Frameworks */,
				4939DA8E298D8AEC00732DF9 /* Resources */,
			);
			buildRules = (
			);
			dependencies = (
				4939DA92298D8AEC00732DF9 /* PBXTargetDependency */,
			);
			name = LeetCodeUITests;
			productName = LeetCodeUITests;
			productReference = 4939DA90298D8AEC00732DF9 /* LeetCodeUITests.xctest */;
			productType = "com.apple.product-type.bundle.ui-testing";
		};
/* End PBXNativeTarget section */

/* Begin PBXProject section */
		4939DA6E298D8AE600732DF9 /* Project object */ = {
			isa = PBXProject;
			attributes = {
				BuildIndependentTargetsInParallel = 1;
				LastSwiftUpdateCheck = 1420;
				LastUpgradeCheck = 1420;
				TargetAttributes = {
					4939DA75298D8AE600732DF9 = {
						CreatedOnToolsVersion = 14.2;
					};
					4939DA85298D8AEB00732DF9 = {
						CreatedOnToolsVersion = 14.2;
						TestTargetID = 4939DA75298D8AE600732DF9;
					};
					4939DA8F298D8AEC00732DF9 = {
						CreatedOnToolsVersion = 14.2;
						TestTargetID = 4939DA75298D8AE600732DF9;
					};
				};
			};
			buildConfigurationList = 4939DA71298D8AE600732DF9 /* Build configuration list for PBXProject "LeetCode" */;
			compatibilityVersion = "Xcode 14.0";
			developmentRegion = en;
			hasScannedForEncodings = 0;
			knownRegions = (
				en,
				Base,
			);
			mainGroup = 4939DA6D298D8AE600732DF9;
			productRefGroup = 4939DA77298D8AE600732DF9 /* Products */;
			projectDirPath = "";
			projectRoot = "";
			targets = (
				4939DA75298D8AE600732DF9 /* LeetCode */,
				4939DA85298D8AEB00732DF9 /* LeetCodeTests */,
				4939DA8F298D8AEC00732DF9 /* LeetCodeUITests */,
			);
		};
/* End PBXProject section */

/* Begin PBXResourcesBuildPhase section */
		4939DA74298D8AE600732DF9 /* Resources */ = {
			isa = PBXResourcesBuildPhase;
			buildActionMask = 2147483647;
			files = (
				4939DA81298D8AEA00732DF9 /* Preview Assets.xcassets in Resources */,
				4939DA7E298D8AEA00732DF9 /* Assets.xcassets in Resources */,
			);
			runOnlyForDeploymentPostprocessing = 0;
		};
		4939DA84298D8AEB00732DF9 /* Resources */ = {
			isa = PBXResourcesBuildPhase;
			buildActionMask = 2147483647;
			files = (
			);
			runOnlyForDeploymentPostprocessing = 0;
		};
		4939DA8E298D8AEC00732DF9 /* Resources */ = {
			isa = PBXResourcesBuildPhase;
			buildActionMask = 2147483647;
			files = (
			);
			runOnlyForDeploymentPostprocessing = 0;
		};
/* End PBXResourcesBuildPhase section */

/* Begin PBXSourcesBuildPhase section */
		4939DA72298D8AE600732DF9 /* Sources */ = {
			isa = PBXSourcesBuildPhase;
			buildActionMask = 2147483647;
			files = (
				4939DA7C298D8AE600732DF9 /* ContentView.swift in Sources */,
				4939DAA8298D97B600732DF9 /* SearchInsertPosition.swift in Sources */,
				4939DAAC2990FA4600732DF9 /* 9. Palindrome Number.swift in Sources */,
				4939DAAA298D999C00732DF9 /* Remove Duplicates from SortedArrayII.swift in Sources */,
				49DF6A99299A3C500047AFA4 /* LetterCombination.swift in Sources */,
				4939DAA4298D8B4200732DF9 /* ValidParentheses.swift in Sources */,
				4939DA7A298D8AE600732DF9 /* LeetCodeApp.swift in Sources */,
			);
			runOnlyForDeploymentPostprocessing = 0;
		};
		4939DA82298D8AEB00732DF9 /* Sources */ = {
			isa = PBXSourcesBuildPhase;
			buildActionMask = 2147483647;
			files = (
				4939DA8B298D8AEB00732DF9 /* LeetCodeTests.swift in Sources */,
			);
			runOnlyForDeploymentPostprocessing = 0;
		};
		4939DA8C298D8AEC00732DF9 /* Sources */ = {
			isa = PBXSourcesBuildPhase;
			buildActionMask = 2147483647;
			files = (
				4939DA97298D8AEC00732DF9 /* LeetCodeUITestsLaunchTests.swift in Sources */,
				4939DA95298D8AEC00732DF9 /* LeetCodeUITests.swift in Sources */,
			);
			runOnlyForDeploymentPostprocessing = 0;
		};
/* End PBXSourcesBuildPhase section */

/* Begin PBXTargetDependency section */
		4939DA88298D8AEB00732DF9 /* PBXTargetDependency */ = {
			isa = PBXTargetDependency;
			target = 4939DA75298D8AE600732DF9 /* LeetCode */;
			targetProxy = 4939DA87298D8AEB00732DF9 /* PBXContainerItemProxy */;
		};
		4939DA92298D8AEC00732DF9 /* PBXTargetDependency */ = {
			isa = PBXTargetDependency;
			target = 4939DA75298D8AE600732DF9 /* LeetCode */;
			targetProxy = 4939DA91298D8AEC00732DF9 /* PBXContainerItemProxy */;
		};
/* End PBXTargetDependency section */

/* Begin XCBuildConfiguration section */
		4939DA98298D8AEC00732DF9 /* Debug */ = {
			isa = XCBuildConfiguration;
			buildSettings = {
				ALWAYS_SEARCH_USER_PATHS = NO;
				CLANG_ANALYZER_NONNULL = YES;
				CLANG_ANALYZER_NUMBER_OBJECT_CONVERSION = YES_AGGRESSIVE;
				CLANG_CXX_LANGUAGE_STANDARD = "gnu++20";
				CLANG_ENABLE_MODULES = YES;
				CLANG_ENABLE_OBJC_ARC = YES;
				CLANG_ENABLE_OBJC_WEAK = YES;
				CLANG_WARN_BLOCK_CAPTURE_AUTORELEASING = YES;
				CLANG_WARN_BOOL_CONVERSION = YES;
				CLANG_WARN_COMMA = YES;
				CLANG_WARN_CONSTANT_CONVERSION = YES;
				CLANG_WARN_DEPRECATED_OBJC_IMPLEMENTATIONS = YES;
				CLANG_WARN_DIRECT_OBJC_ISA_USAGE = YES_ERROR;
				CLANG_WARN_DOCUMENTATION_COMMENTS = YES;
				CLANG_WARN_EMPTY_BODY = YES;
				CLANG_WARN_ENUM_CONVERSION = YES;
				CLANG_WARN_INFINITE_RECURSION = YES;
				CLANG_WARN_INT_CONVERSION = YES;
				CLANG_WARN_NON_LITERAL_NULL_CONVERSION = YES;
				CLANG_WARN_OBJC_IMPLICIT_RETAIN_SELF = YES;
				CLANG_WARN_OBJC_LITERAL_CONVERSION = YES;
				CLANG_WARN_OBJC_ROOT_CLASS = YES_ERROR;
				CLANG_WARN_QUOTED_INCLUDE_IN_FRAMEWORK_HEADER = YES;
				CLANG_WARN_RANGE_LOOP_ANALYSIS = YES;
				CLANG_WARN_STRICT_PROTOTYPES = YES;
				CLANG_WARN_SUSPICIOUS_MOVE = YES;
				CLANG_WARN_UNGUARDED_AVAILABILITY = YES_AGGRESSIVE;
				CLANG_WARN_UNREACHABLE_CODE = YES;
				CLANG_WARN__DUPLICATE_METHOD_MATCH = YES;
				COPY_PHASE_STRIP = NO;
				DEBUG_INFORMATION_FORMAT = dwarf;
				ENABLE_STRICT_OBJC_MSGSEND = YES;
				ENABLE_TESTABILITY = YES;
				GCC_C_LANGUAGE_STANDARD = gnu11;
				GCC_DYNAMIC_NO_PIC = NO;
				GCC_NO_COMMON_BLOCKS = YES;
				GCC_OPTIMIZATION_LEVEL = 0;
				GCC_PREPROCESSOR_DEFINITIONS = (
					"DEBUG=1",
					"$(inherited)",
				);
				GCC_WARN_64_TO_32_BIT_CONVERSION = YES;
				GCC_WARN_ABOUT_RETURN_TYPE = YES_ERROR;
				GCC_WARN_UNDECLARED_SELECTOR = YES;
				GCC_WARN_UNINITIALIZED_AUTOS = YES_AGGRESSIVE;
				GCC_WARN_UNUSED_FUNCTION = YES;
				GCC_WARN_UNUSED_VARIABLE = YES;
				IPHONEOS_DEPLOYMENT_TARGET = 16.2;
				MTL_ENABLE_DEBUG_INFO = INCLUDE_SOURCE;
				MTL_FAST_MATH = YES;
				ONLY_ACTIVE_ARCH = YES;
				SDKROOT = iphoneos;
				SWIFT_ACTIVE_COMPILATION_CONDITIONS = DEBUG;
				SWIFT_OPTIMIZATION_LEVEL = "-Onone";
			};
			name = Debug;
		};
		4939DA99298D8AEC00732DF9 /* Release */ = {
			isa = XCBuildConfiguration;
			buildSettings = {
				ALWAYS_SEARCH_USER_PATHS = NO;
				CLANG_ANALYZER_NONNULL = YES;
				CLANG_ANALYZER_NUMBER_OBJECT_CONVERSION = YES_AGGRESSIVE;
				CLANG_CXX_LANGUAGE_STANDARD = "gnu++20";
				CLANG_ENABLE_MODULES = YES;
				CLANG_ENABLE_OBJC_ARC = YES;
				CLANG_ENABLE_OBJC_WEAK = YES;
				CLANG_WARN_BLOCK_CAPTURE_AUTORELEASING = YES;
				CLANG_WARN_BOOL_CONVERSION = YES;
				CLANG_WARN_COMMA = YES;
				CLANG_WARN_CONSTANT_CONVERSION = YES;
				CLANG_WARN_DEPRECATED_OBJC_IMPLEMENTATIONS = YES;
				CLANG_WARN_DIRECT_OBJC_ISA_USAGE = YES_ERROR;
				CLANG_WARN_DOCUMENTATION_COMMENTS = YES;
				CLANG_WARN_EMPTY_BODY = YES;
				CLANG_WARN_ENUM_CONVERSION = YES;
				CLANG_WARN_INFINITE_RECURSION = YES;
				CLANG_WARN_INT_CONVERSION = YES;
				CLANG_WARN_NON_LITERAL_NULL_CONVERSION = YES;
				CLANG_WARN_OBJC_IMPLICIT_RETAIN_SELF = YES;
				CLANG_WARN_OBJC_LITERAL_CONVERSION = YES;
				CLANG_WARN_OBJC_ROOT_CLASS = YES_ERROR;
				CLANG_WARN_QUOTED_INCLUDE_IN_FRAMEWORK_HEADER = YES;
				CLANG_WARN_RANGE_LOOP_ANALYSIS = YES;
				CLANG_WARN_STRICT_PROTOTYPES = YES;
				CLANG_WARN_SUSPICIOUS_MOVE = YES;
				CLANG_WARN_UNGUARDED_AVAILABILITY = YES_AGGRESSIVE;
				CLANG_WARN_UNREACHABLE_CODE = YES;
				CLANG_WARN__DUPLICATE_METHOD_MATCH = YES;
				COPY_PHASE_STRIP = NO;
				DEBUG_INFORMATION_FORMAT = "dwarf-with-dsym";
				ENABLE_NS_ASSERTIONS = NO;
				ENABLE_STRICT_OBJC_MSGSEND = YES;
				GCC_C_LANGUAGE_STANDARD = gnu11;
				GCC_NO_COMMON_BLOCKS = YES;
				GCC_WARN_64_TO_32_BIT_CONVERSION = YES;
				GCC_WARN_ABOUT_RETURN_TYPE = YES_ERROR;
				GCC_WARN_UNDECLARED_SELECTOR = YES;
				GCC_WARN_UNINITIALIZED_AUTOS = YES_AGGRESSIVE;
				GCC_WARN_UNUSED_FUNCTION = YES;
				GCC_WARN_UNUSED_VARIABLE = YES;
				IPHONEOS_DEPLOYMENT_TARGET = 16.2;
				MTL_ENABLE_DEBUG_INFO = NO;
				MTL_FAST_MATH = YES;
				SDKROOT = iphoneos;
				SWIFT_COMPILATION_MODE = wholemodule;
				SWIFT_OPTIMIZATION_LEVEL = "-O";
				VALIDATE_PRODUCT = YES;
			};
			name = Release;
		};
		4939DA9B298D8AEC00732DF9 /* Debug */ = {
			isa = XCBuildConfiguration;
			buildSettings = {
				ASSETCATALOG_COMPILER_APPICON_NAME = AppIcon;
				ASSETCATALOG_COMPILER_GLOBAL_ACCENT_COLOR_NAME = AccentColor;
				CODE_SIGN_STYLE = Automatic;
				CURRENT_PROJECT_VERSION = 1;
				DEVELOPMENT_ASSET_PATHS = "\"LeetCode/Preview Content\"";
				ENABLE_PREVIEWS = YES;
				GENERATE_INFOPLIST_FILE = YES;
				INFOPLIST_KEY_UIApplicationSceneManifest_Generation = YES;
				INFOPLIST_KEY_UIApplicationSupportsIndirectInputEvents = YES;
				INFOPLIST_KEY_UILaunchScreen_Generation = YES;
				INFOPLIST_KEY_UISupportedInterfaceOrientations_iPad = "UIInterfaceOrientationPortrait UIInterfaceOrientationPortraitUpsideDown UIInterfaceOrientationLandscapeLeft UIInterfaceOrientationLandscapeRight";
				INFOPLIST_KEY_UISupportedInterfaceOrientations_iPhone = "UIInterfaceOrientationPortrait UIInterfaceOrientationLandscapeLeft UIInterfaceOrientationLandscapeRight";
				LD_RUNPATH_SEARCH_PATHS = (
					"$(inherited)",
					"@executable_path/Frameworks",
				);
				MARKETING_VERSION = 1.0;
				PRODUCT_BUNDLE_IDENTIFIER = Navic.LeetCode;
				PRODUCT_NAME = "$(TARGET_NAME)";
				SWIFT_EMIT_LOC_STRINGS = YES;
				SWIFT_VERSION = 5.0;
				TARGETED_DEVICE_FAMILY = "1,2";
			};
			name = Debug;
		};
		4939DA9C298D8AEC00732DF9 /* Release */ = {
			isa = XCBuildConfiguration;
			buildSettings = {
				ASSETCATALOG_COMPILER_APPICON_NAME = AppIcon;
				ASSETCATALOG_COMPILER_GLOBAL_ACCENT_COLOR_NAME = AccentColor;
				CODE_SIGN_STYLE = Automatic;
				CURRENT_PROJECT_VERSION = 1;
				DEVELOPMENT_ASSET_PATHS = "\"LeetCode/Preview Content\"";
				ENABLE_PREVIEWS = YES;
				GENERATE_INFOPLIST_FILE = YES;
				INFOPLIST_KEY_UIApplicationSceneManifest_Generation = YES;
				INFOPLIST_KEY_UIApplicationSupportsIndirectInputEvents = YES;
				INFOPLIST_KEY_UILaunchScreen_Generation = YES;
				INFOPLIST_KEY_UISupportedInterfaceOrientations_iPad = "UIInterfaceOrientationPortrait UIInterfaceOrientationPortraitUpsideDown UIInterfaceOrientationLandscapeLeft UIInterfaceOrientationLandscapeRight";
				INFOPLIST_KEY_UISupportedInterfaceOrientations_iPhone = "UIInterfaceOrientationPortrait UIInterfaceOrientationLandscapeLeft UIInterfaceOrientationLandscapeRight";
				LD_RUNPATH_SEARCH_PATHS = (
					"$(inherited)",
					"@executable_path/Frameworks",
				);
				MARKETING_VERSION = 1.0;
				PRODUCT_BUNDLE_IDENTIFIER = Navic.LeetCode;
				PRODUCT_NAME = "$(TARGET_NAME)";
				SWIFT_EMIT_LOC_STRINGS = YES;
				SWIFT_VERSION = 5.0;
				TARGETED_DEVICE_FAMILY = "1,2";
			};
			name = Release;
		};
		4939DA9E298D8AEC00732DF9 /* Debug */ = {
			isa = XCBuildConfiguration;
			buildSettings = {
				ALWAYS_EMBED_SWIFT_STANDARD_LIBRARIES = YES;
				BUNDLE_LOADER = "$(TEST_HOST)";
				CODE_SIGN_STYLE = Automatic;
				CURRENT_PROJECT_VERSION = 1;
				GENERATE_INFOPLIST_FILE = YES;
				IPHONEOS_DEPLOYMENT_TARGET = 16.2;
				MARKETING_VERSION = 1.0;
				PRODUCT_BUNDLE_IDENTIFIER = Navic.LeetCodeTests;
				PRODUCT_NAME = "$(TARGET_NAME)";
				SWIFT_EMIT_LOC_STRINGS = NO;
				SWIFT_VERSION = 5.0;
				TARGETED_DEVICE_FAMILY = "1,2";
				TEST_HOST = "$(BUILT_PRODUCTS_DIR)/LeetCode.app/$(BUNDLE_EXECUTABLE_FOLDER_PATH)/LeetCode";
			};
			name = Debug;
		};
		4939DA9F298D8AEC00732DF9 /* Release */ = {
			isa = XCBuildConfiguration;
			buildSettings = {
				ALWAYS_EMBED_SWIFT_STANDARD_LIBRARIES = YES;
				BUNDLE_LOADER = "$(TEST_HOST)";
				CODE_SIGN_STYLE = Automatic;
				CURRENT_PROJECT_VERSION = 1;
				GENERATE_INFOPLIST_FILE = YES;
				IPHONEOS_DEPLOYMENT_TARGET = 16.2;
				MARKETING_VERSION = 1.0;
				PRODUCT_BUNDLE_IDENTIFIER = Navic.LeetCodeTests;
				PRODUCT_NAME = "$(TARGET_NAME)";
				SWIFT_EMIT_LOC_STRINGS = NO;
				SWIFT_VERSION = 5.0;
				TARGETED_DEVICE_FAMILY = "1,2";
				TEST_HOST = "$(BUILT_PRODUCTS_DIR)/LeetCode.app/$(BUNDLE_EXECUTABLE_FOLDER_PATH)/LeetCode";
			};
			name = Release;
		};
		4939DAA1298D8AEC00732DF9 /* Debug */ = {
			isa = XCBuildConfiguration;
			buildSettings = {
				ALWAYS_EMBED_SWIFT_STANDARD_LIBRARIES = YES;
				CODE_SIGN_STYLE = Automatic;
				CURRENT_PROJECT_VERSION = 1;
				GENERATE_INFOPLIST_FILE = YES;
				MARKETING_VERSION = 1.0;
				PRODUCT_BUNDLE_IDENTIFIER = Navic.LeetCodeUITests;
				PRODUCT_NAME = "$(TARGET_NAME)";
				SWIFT_EMIT_LOC_STRINGS = NO;
				SWIFT_VERSION = 5.0;
				TARGETED_DEVICE_FAMILY = "1,2";
				TEST_TARGET_NAME = LeetCode;
			};
			name = Debug;
		};
		4939DAA2298D8AEC00732DF9 /* Release */ = {
			isa = XCBuildConfiguration;
			buildSettings = {
				ALWAYS_EMBED_SWIFT_STANDARD_LIBRARIES = YES;
				CODE_SIGN_STYLE = Automatic;
				CURRENT_PROJECT_VERSION = 1;
				GENERATE_INFOPLIST_FILE = YES;
				MARKETING_VERSION = 1.0;
				PRODUCT_BUNDLE_IDENTIFIER = Navic.LeetCodeUITests;
				PRODUCT_NAME = "$(TARGET_NAME)";
				SWIFT_EMIT_LOC_STRINGS = NO;
				SWIFT_VERSION = 5.0;
				TARGETED_DEVICE_FAMILY = "1,2";
				TEST_TARGET_NAME = LeetCode;
			};
			name = Release;
		};
/* End XCBuildConfiguration section */

/* Begin XCConfigurationList section */
		4939DA71298D8AE600732DF9 /* Build configuration list for PBXProject "LeetCode" */ = {
			isa = XCConfigurationList;
			buildConfigurations = (
				4939DA98298D8AEC00732DF9 /* Debug */,
				4939DA99298D8AEC00732DF9 /* Release */,
			);
			defaultConfigurationIsVisible = 0;
			defaultConfigurationName = Release;
		};
		4939DA9A298D8AEC00732DF9 /* Build configuration list for PBXNativeTarget "LeetCode" */ = {
			isa = XCConfigurationList;
			buildConfigurations = (
				4939DA9B298D8AEC00732DF9 /* Debug */,
				4939DA9C298D8AEC00732DF9 /* Release */,
			);
			defaultConfigurationIsVisible = 0;
			defaultConfigurationName = Release;
		};
		4939DA9D298D8AEC00732DF9 /* Build configuration list for PBXNativeTarget "LeetCodeTests" */ = {
			isa = XCConfigurationList;
			buildConfigurations = (
				4939DA9E298D8AEC00732DF9 /* Debug */,
				4939DA9F298D8AEC00732DF9 /* Release */,
			);
			defaultConfigurationIsVisible = 0;
			defaultConfigurationName = Release;
		};
		4939DAA0298D8AEC00732DF9 /* Build configuration list for PBXNativeTarget "LeetCodeUITests" */ = {
			isa = XCConfigurationList;
			buildConfigurations = (
				4939DAA1298D8AEC00732DF9 /* Debug */,
				4939DAA2298D8AEC00732DF9 /* Release */,
			);
			defaultConfigurationIsVisible = 0;
			defaultConfigurationName = Release;
		};
/* End XCConfigurationList section */
	};
	rootObject = 4939DA6E298D8AE600732DF9 /* Project object */;
}
